
Microsoft Visual Studio Solution File, Format Version 12.00
# Visual Studio 15
VisualStudioVersion = 15.0.28307.421
MinimumVisualStudioVersion = 10.0.40219.1
Project("{8BC9CEB8-8B4A-11D0-8D11-00A0C91BC942}") = "YSA_Odev1", "YSA_Odev1\YSA_Odev1.vcxproj", "{C2372D9B-4A78-44D1-B7AC-84EDC76045F5}"
EndProject
Global
	GlobalSection(SolutionConfigurationPlatforms) = preSolution
		Debug|x64 = Debug|x64
		Debug|x86 = Debug|x86
		Release|x64 = Release|x64
		Release|x86 = Release|x86
	EndGlobalSection
	GlobalSection(ProjectConfigurationPlatforms) = postSolution
		{C2372D9B-4A78-44D1-B7AC-84EDC76045F5}.Debug|x64.ActiveCfg = Debug|x64
		{C2372D9B-4A78-44D1-B7AC-84EDC76045F5}.Debug|x64.Build.0 = Debug|x64
		{C2372D9B-4A78-44D1-B7AC-84EDC76045F5}.Debug|x86.ActiveCfg = Debug|Win32
		{C2372D9B-4A78-44D1-B7AC-84EDC76045F5}.Debug|x86.Build.0 = Debug|Win32
		{C2372D9B-4A78-44D1-B7AC-84EDC76045F5}.Release|x64.ActiveCfg = Release|x64
		{C2372D9B-4A78-44D1-B7AC-84EDC76045F5}.Release|x64.Build.0 = Release|x64
		{C2372D9B-4A78-44D1-B7AC-84EDC76045F5}.Release|x86.ActiveCfg = Release|Win32
		{C2372D9B-4A78-44D1-B7AC-84EDC76045F5}.Release|x86.Build.0 = Release|Win32
	EndGlobalSection
	GlobalSection(SolutionProperties) = preSolution
		HideSolutionNode = FALSE
	EndGlobalSection
	GlobalSection(ExtensibilityGlobals) = postSolution
		SolutionGuid = {2708E6EB-9CE6-43B6-9632-3583E87E3C0F}
	EndGlobalSection
EndGlobal
